
Microsoft Visual Studio Solution File, Format Version 12.00
# Visual Studio Version 16
VisualStudioVersion = 16.0.32002.261
MinimumVisualStudioVersion = 10.0.40219.1
Project("{FAE04EC0-301F-11D3-BF4B-00C04F79EFBC}") = "20220316_EF_Radiok_DB_First", "20220316_EF_Radiok_DB_First\20220316_EF_Radiok_DB_First.csproj", "{8DFD4908-B28A-4FED-B6C6-CCCEA5ED998A}"
EndProject
Global
	GlobalSection(SolutionConfigurationPlatforms) = preSolution
		Debug|Any CPU = Debug|Any CPU
		Release|Any CPU = Release|Any CPU
	EndGlobalSection
	GlobalSection(ProjectConfigurationPlatforms) = postSolution
		{8DFD4908-B28A-4FED-B6C6-CCCEA5ED998A}.Debug|Any CPU.ActiveCfg = Debug|Any CPU
		{8DFD4908-B28A-4FED-B6C6-CCCEA5ED998A}.Debug|Any CPU.Build.0 = Debug|Any CPU
		{8DFD4908-B28A-4FED-B6C6-CCCEA5ED998A}.Release|Any CPU.ActiveCfg = Release|Any CPU
		{8DFD4908-B28A-4FED-B6C6-CCCEA5ED998A}.Release|Any CPU.Build.0 = Release|Any CPU
	EndGlobalSection
	GlobalSection(SolutionProperties) = preSolution
		HideSolutionNode = FALSE
	EndGlobalSection
	GlobalSection(ExtensibilityGlobals) = postSolution
		SolutionGuid = {B4B924D1-31CF-4122-9054-D17C1BA50849}
	EndGlobalSection
EndGlobal
