
Microsoft Visual Studio Solution File, Format Version 12.00
# Visual Studio Version 16
VisualStudioVersion = 16.0.32002.261
MinimumVisualStudioVersion = 10.0.40219.1
Project("{FAE04EC0-301F-11D3-BF4B-00C04F79EFBC}") = "20220323_RealEstate", "20220323_RealEstate\20220323_RealEstate.csproj", "{D3370889-1023-43D9-BAD5-64C9479FB14C}"
EndProject
Project("{FAE04EC0-301F-11D3-BF4B-00C04F79EFBC}") = "RealEstateGUI", "RealEstateGUI\RealEstateGUI.csproj", "{4E9D9B67-0154-4B3D-B9AF-310981D7478B}"
EndProject
Global
	GlobalSection(SolutionConfigurationPlatforms) = preSolution
		Debug|Any CPU = Debug|Any CPU
		Release|Any CPU = Release|Any CPU
	EndGlobalSection
	GlobalSection(ProjectConfigurationPlatforms) = postSolution
		{D3370889-1023-43D9-BAD5-64C9479FB14C}.Debug|Any CPU.ActiveCfg = Debug|Any CPU
		{D3370889-1023-43D9-BAD5-64C9479FB14C}.Debug|Any CPU.Build.0 = Debug|Any CPU
		{D3370889-1023-43D9-BAD5-64C9479FB14C}.Release|Any CPU.ActiveCfg = Release|Any CPU
		{D3370889-1023-43D9-BAD5-64C9479FB14C}.Release|Any CPU.Build.0 = Release|Any CPU
		{4E9D9B67-0154-4B3D-B9AF-310981D7478B}.Debug|Any CPU.ActiveCfg = Debug|Any CPU
		{4E9D9B67-0154-4B3D-B9AF-310981D7478B}.Debug|Any CPU.Build.0 = Debug|Any CPU
		{4E9D9B67-0154-4B3D-B9AF-310981D7478B}.Release|Any CPU.ActiveCfg = Release|Any CPU
		{4E9D9B67-0154-4B3D-B9AF-310981D7478B}.Release|Any CPU.Build.0 = Release|Any CPU
	EndGlobalSection
	GlobalSection(SolutionProperties) = preSolution
		HideSolutionNode = FALSE
	EndGlobalSection
	GlobalSection(ExtensibilityGlobals) = postSolution
		SolutionGuid = {3EAA9632-09CA-477A-AD5A-9725808A669B}
	EndGlobalSection
EndGlobal
