
Microsoft Visual Studio Solution File, Format Version 12.00
# Visual Studio Version 16
VisualStudioVersion = 16.0.31729.503
MinimumVisualStudioVersion = 10.0.40219.1
Project("{FAE04EC0-301F-11D3-BF4B-00C04F79EFBC}") = "20211208_Autok", "20211208_Autok.csproj", "{61816694-CE0F-452C-968B-53DA9156A278}"
EndProject
Global
	GlobalSection(SolutionConfigurationPlatforms) = preSolution
		Debug|Any CPU = Debug|Any CPU
		Release|Any CPU = Release|Any CPU
	EndGlobalSection
	GlobalSection(ProjectConfigurationPlatforms) = postSolution
		{61816694-CE0F-452C-968B-53DA9156A278}.Debug|Any CPU.ActiveCfg = Debug|Any CPU
		{61816694-CE0F-452C-968B-53DA9156A278}.Debug|Any CPU.Build.0 = Debug|Any CPU
		{61816694-CE0F-452C-968B-53DA9156A278}.Release|Any CPU.ActiveCfg = Release|Any CPU
		{61816694-CE0F-452C-968B-53DA9156A278}.Release|Any CPU.Build.0 = Release|Any CPU
	EndGlobalSection
	GlobalSection(SolutionProperties) = preSolution
		HideSolutionNode = FALSE
	EndGlobalSection
	GlobalSection(ExtensibilityGlobals) = postSolution
		SolutionGuid = {965A9C7F-410A-4331-B9F3-E9533AF4E6C2}
	EndGlobalSection
EndGlobal
